{
  "originHash" : "1d23430878d9b5effb86fb818b19d2c0b9b5ad0c42acdd2eeb4314fd1f3be72f",
  "pins" : [
    {
      "identity" : "starscream",
      "kind" : "remoteSourceControl",
      "location" : "https://github.com/daltoniam/Starscream.git",
      "state" : {
        "revision" : "c6bfd1af48efcc9a9ad203665db12375ba6b145a",
        "version" : "4.0.8"
      }
    },
    {
      "identity" : "webrtc",
      "kind" : "remoteSourceControl",
      "location" : "https://github.com/stasel/WebRTC.git",
      "state" : {
        "revision" : "b4f5a90c887bde68512b8f1a6d684b27b5597b76",
        "version" : "125.0.0"
      }
    }
  ],
  "version" : 3
}
